
Microsoft Visual Studio Solution File, Format Version 12.00
# Visual Studio Version 17
VisualStudioVersion = 17.7.34024.191
MinimumVisualStudioVersion = 10.0.40219.1
Project("{FAE04EC0-301F-11D3-BF4B-00C04F79EFBC}") = "AOC2023", "AOC2023.csproj", "{AB5E7ABC-2799-44FA-9736-A3E75F91E21B}"
EndProject
Global
	GlobalSection(SolutionConfigurationPlatforms) = preSolution
		Debug|Any CPU = Debug|Any CPU
		Release|Any CPU = Release|Any CPU
	EndGlobalSection
	GlobalSection(ProjectConfigurationPlatforms) = postSolution
		{AB5E7ABC-2799-44FA-9736-A3E75F91E21B}.Debug|Any CPU.ActiveCfg = Debug|Any CPU
		{AB5E7ABC-2799-44FA-9736-A3E75F91E21B}.Debug|Any CPU.Build.0 = Debug|Any CPU
		{AB5E7ABC-2799-44FA-9736-A3E75F91E21B}.Release|Any CPU.ActiveCfg = Release|Any CPU
		{AB5E7ABC-2799-44FA-9736-A3E75F91E21B}.Release|Any CPU.Build.0 = Release|Any CPU
	EndGlobalSection
	GlobalSection(SolutionProperties) = preSolution
		HideSolutionNode = FALSE
	EndGlobalSection
	GlobalSection(ExtensibilityGlobals) = postSolution
		SolutionGuid = {68A1471B-33FF-4577-9D6A-7FA08C1A18BC}
	EndGlobalSection
EndGlobal
